
Microsoft Visual Studio Solution File, Format Version 12.00
# Visual Studio 15
VisualStudioVersion = 15.0.28010.2036
MinimumVisualStudioVersion = 10.0.40219.1
Project("{FAE04EC0-301F-11D3-BF4B-00C04F79EFBC}") = "BarangayRecordKeeper", "BarangayRecordKeeper\BarangayRecordKeeper.csproj", "{8693E520-9E72-44A0-8CA7-8CD3644E92FE}"
EndProject
Global
	GlobalSection(SolutionConfigurationPlatforms) = preSolution
		Debug|Any CPU = Debug|Any CPU
		Release|Any CPU = Release|Any CPU
	EndGlobalSection
	GlobalSection(ProjectConfigurationPlatforms) = postSolution
		{8693E520-9E72-44A0-8CA7-8CD3644E92FE}.Debug|Any CPU.ActiveCfg = Debug|Any CPU
		{8693E520-9E72-44A0-8CA7-8CD3644E92FE}.Debug|Any CPU.Build.0 = Debug|Any CPU
		{8693E520-9E72-44A0-8CA7-8CD3644E92FE}.Release|Any CPU.ActiveCfg = Release|Any CPU
		{8693E520-9E72-44A0-8CA7-8CD3644E92FE}.Release|Any CPU.Build.0 = Release|Any CPU
	EndGlobalSection
	GlobalSection(SolutionProperties) = preSolution
		HideSolutionNode = FALSE
	EndGlobalSection
	GlobalSection(ExtensibilityGlobals) = postSolution
		SolutionGuid = {E9756032-53B3-4721-AEB2-0084CBF4770A}
	EndGlobalSection
EndGlobal
